PODS:
  - Nimble (3.2.0)
  - Quick (0.9.1)
  - RxCocoa (2.3.0):
    - RxSwift (~> 2.3)
  - RxSwift (2.3.0)
  - SwiftyJSON (2.3.0)

DEPENDENCIES:
  - Nimble
  - Quick
  - RxCocoa (~> 2.3)
  - RxSwift (~> 2.3)
  - SwiftyJSON (from `https://github.com/SwiftyJSON/SwiftyJSON.git`, branch `xcode7.1`)

EXTERNAL SOURCES:
  SwiftyJSON:
    :branch: xcode7.1
    :git: https://github.com/SwiftyJSON/SwiftyJSON.git

CHECKOUT OPTIONS:
  SwiftyJSON:
    :commit: 3db7e39b11b58c91a0a360381ec7620b2caab46a
    :git: https://github.com/SwiftyJSON/SwiftyJSON.git

SPEC CHECKSUMS:
  Nimble: 703854335d181df169bbca9c97117b5cf8c47c1d
  Quick: a5221fc21788b6aeda934805e68b061839bc3165
  RxCocoa: cde4e993f496d2577bc3ba8b7dc7bf55a4ed809a
  RxSwift: 0df59cc5edf28a31dbf83b049220b4b8e76b07c8
  SwiftyJSON: 705aa707804b63377e49adf096d3f1bd59afafbc

PODFILE CHECKSUM: 94adfe73ff163734d2598e1808279cbf7de704b4

COCOAPODS: 1.0.0.beta.4
