PODS:
  - Nimble (3.0.0)
  - Quick (0.8.0)
  - RxCocoa (2.2.0):
    - RxSwift (~> 2.2)
  - RxSwift (2.2.0)
  - SwiftyJSON (2.3.0)

DEPENDENCIES:
  - Nimble
  - Quick
  - RxCocoa
  - RxSwift
  - SwiftyJSON (from `https://github.com/SwiftyJSON/SwiftyJSON.git`, branch `xcode7.1`)

EXTERNAL SOURCES:
  SwiftyJSON:
    :branch: xcode7.1
    :git: https://github.com/SwiftyJSON/SwiftyJSON.git

CHECKOUT OPTIONS:
  SwiftyJSON:
    :commit: 3db7e39b11b58c91a0a360381ec7620b2caab46a
    :git: https://github.com/SwiftyJSON/SwiftyJSON.git

SPEC CHECKSUMS:
  Nimble: 4c353d43735b38b545cbb4cb91504588eb5de926
  Quick: 563d0f6ec5f72e394645adb377708639b7dd38ab
  RxCocoa: 42efb7a7145a8d1d5878e94ce48a580d29e0c796
  RxSwift: b8a749f2204c6c7a5c29b306a9c3bc11d5b87c5b
  SwiftyJSON: 705aa707804b63377e49adf096d3f1bd59afafbc

PODFILE CHECKSUM: 42156e6e17b9292e7d70de6bb379a9b2b50c7cbd

COCOAPODS: 1.0.0.beta.4
